// !$*UTF8*$!
{
	archiveVersion = 1;
	classes = {
	};
	objectVersion = 50;
	objects = {

/* Begin PBXBuildFile section */
		DE5A28C125D4AB4700413C5A /* AssignmentList.swift in Sources */ = {isa = PBXBuildFile; fileRef = DE5A28C025D4AB4700413C5A /* AssignmentList.swift */; };
		DE5A28C625D4ACF900413C5A /* AddAssignmentView.swift in Sources */ = {isa = PBXBuildFile; fileRef = DE5A28C525D4ACF900413C5A /* AddAssignmentView.swift */; };
		DEEE6CB125D19E3B006EEB25 /* Assignment_NotebookApp.swift in Sources */ = {isa = PBXBuildFile; fileRef = DEEE6CB025D19E3B006EEB25 /* Assignment_NotebookApp.swift */; };
		DEEE6CB325D19E3B006EEB25 /* ContentView.swift in Sources */ = {isa = PBXBuildFile; fileRef = DEEE6CB225D19E3B006EEB25 /* ContentView.swift */; };
		DEEE6CB525D19E3F006EEB25 /* Assets.xcassets in Resources */ = {isa = PBXBuildFile; fileRef = DEEE6CB425D19E3F006EEB25 /* Assets.xcassets */; };
		DEEE6CB825D19E3F006EEB25 /* Preview Assets.xcassets in Resources */ = {isa = PBXBuildFile; fileRef = DEEE6CB725D19E3F006EEB25 /* Preview Assets.xcassets */; };
		DEEE6CC325D19E3F006EEB25 /* Assignment_NotebookTests.swift in Sources */ = {isa = PBXBuildFile; fileRef = DEEE6CC225D19E3F006EEB25 /* Assignment_NotebookTests.swift */; };
		DEEE6CCE25D19E3F006EEB25 /* Assignment_NotebookUITests.swift in Sources */ = {isa = PBXBuildFile; fileRef = DEEE6CCD25D19E3F006EEB25 /* Assignment_NotebookUITests.swift */; };
/* End PBXBuildFile section */

/* Begin PBXContainerItemProxy section */
		DEEE6CBF25D19E3F006EEB25 /* PBXContainerItemProxy */ = {
			isa = PBXContainerItemProxy;
			containerPortal = DEEE6CA525D19E3B006EEB25 /* Project object */;
			proxyType = 1;
			remoteGlobalIDString = DEEE6CAC25D19E3B006EEB25;
			remoteInfo = "Assignment Notebook";
		};
		DEEE6CCA25D19E3F006EEB25 /* PBXContainerItemProxy */ = {
			isa = PBXContainerItemProxy;
			containerPortal = DEEE6CA525D19E3B006EEB25 /* Project object */;
			proxyType = 1;
			remoteGlobalIDString = DEEE6CAC25D19E3B006EEB25;
			remoteInfo = "Assignment Notebook";
		};
/* End PBXContainerItemProxy section */

/* Begin PBXFileReference section */
		DE5A28C025D4AB4700413C5A /* AssignmentList.swift */ = {isa = PBXFileReference; lastKnownFileType = sourcecode.swift; path = AssignmentList.swift; sourceTree = "<group>"; };
		DE5A28C525D4ACF900413C5A /* AddAssignmentView.swift */ = {isa = PBXFileReference; lastKnownFileType = sourcecode.swift; path = AddAssignmentView.swift; sourceTree = "<group>"; };
		DEEE6CAD25D19E3B006EEB25 /* Assignment Notebook.app */ = {isa = PBXFileReference; explicitFileType = wrapper.application; includeInIndex = 0; path = "Assignment Notebook.app"; sourceTree = BUILT_PRODUCTS_DIR; };
		DEEE6CB025D19E3B006EEB25 /* Assignment_NotebookApp.swift */ = {isa = PBXFileReference; lastKnownFileType = sourcecode.swift; path = Assignment_NotebookApp.swift; sourceTree = "<group>"; };
		DEEE6CB225D19E3B006EEB25 /* ContentView.swift */ = {isa = PBXFileReference; lastKnownFileType = sourcecode.swift; path = ContentView.swift; sourceTree = "<group>"; };
		DEEE6CB425D19E3F006EEB25 /* Assets.xcassets */ = {isa = PBXFileReference; lastKnownFileType = folder.assetcatalog; path = Assets.xcassets; sourceTree = "<group>"; };
		DEEE6CB725D19E3F006EEB25 /* Preview Assets.xcassets */ = {isa = PBXFileReference; lastKnownFileType = folder.assetcatalog; path = "Preview Assets.xcassets"; sourceTree = "<group>"; };
		DEEE6CB925D19E3F006EEB25 /* Info.plist */ = {isa = PBXFileReference; lastKnownFileType = text.plist.xml; path = Info.plist; sourceTree = "<group>"; };
		DEEE6CBE25D19E3F006EEB25 /* Assignment NotebookTests.xctest */ = {isa = PBXFileReference; explicitFileType = wrapper.cfbundle; includeInIndex = 0; path = "Assignment NotebookTests.xctest"; sourceTree = BUILT_PRODUCTS_DIR; };
		DEEE6CC225D19E3F006EEB25 /* Assignment_NotebookTests.swift */ = {isa = PBXFileReference; lastKnownFileType = sourcecode.swift; path = Assignment_NotebookTests.swift; sourceTree = "<group>"; };
		DEEE6CC425D19E3F006EEB25 /* Info.plist */ = {isa = PBXFileReference; lastKnownFileType = text.plist.xml; path = Info.plist; sourceTree = "<group>"; };
		DEEE6CC925D19E3F006EEB25 /* Assignment NotebookUITests.xctest */ = {isa = PBXFileReference; explicitFileType = wrapper.cfbundle; includeInIndex = 0; path = "Assignment NotebookUITests.xctest"; sourceTree = BUILT_PRODUCTS_DIR; };
		DEEE6CCD25D19E3F006EEB25 /* Assignment_NotebookUITests.swift */ = {isa = PBXFileReference; lastKnownFileType = sourcecode.swift; path = Assignment_NotebookUITests.swift; sourceTree = "<group>"; };
		DEEE6CCF25D19E3F006EEB25 /* Info.plist */ = {isa = PBXFileReference; lastKnownFileType = text.plist.xml; path = Info.plist; sourceTree = "<group>"; };
/* End PBXFileReference section */

/* Begin PBXFrameworksBuildPhase section */
		DEEE6CAA25D19E3B006EEB25 /* Frameworks */ = {
			isa = PBXFrameworksBuildPhase;
			buildActionMask = 2147483647;
			files = (
			);
			runOnlyForDeploymentPostprocessing = 0;
		};
		DEEE6CBB25D19E3F006EEB25 /* Frameworks */ = {
			isa = PBXFrameworksBuildPhase;
			buildActionMask = 2147483647;
			files = (
			);
			runOnlyForDeploymentPostprocessing = 0;
		};
		DEEE6CC625D19E3F006EEB25 /* Frameworks */ = {
			isa = PBXFrameworksBuildPhase;
			buildActionMask = 2147483647;
			files = (
			);
			runOnlyForDeploymentPostprocessing = 0;
		};
/* End PBXFrameworksBuildPhase section */

/* Begin PBXGroup section */
		DEEE6CA425D19E3B006EEB25 = {
			isa = PBXGroup;
			children = (
				DEEE6CAF25D19E3B006EEB25 /* Assignment Notebook */,
				DEEE6CC125D19E3F006EEB25 /* Assignment NotebookTests */,
				DEEE6CCC25D19E3F006EEB25 /* Assignment NotebookUITests */,
				DEEE6CAE25D19E3B006EEB25 /* Products */,
			);
			sourceTree = "<group>";
		};
		DEEE6CAE25D19E3B006EEB25 /* Products */ = {
			isa = PBXGroup;
			children = (
				DEEE6CAD25D19E3B006EEB25 /* Assignment Notebook.app */,
				DEEE6CBE25D19E3F006EEB25 /* Assignment NotebookTests.xctest */,
				DEEE6CC925D19E3F006EEB25 /* Assignment NotebookUITests.xctest */,
			);
			name = Products;
			sourceTree = "<group>";
		};
		DEEE6CAF25D19E3B006EEB25 /* Assignment Notebook */ = {
			isa = PBXGroup;
			children = (
				DEEE6CB025D19E3B006EEB25 /* Assignment_NotebookApp.swift */,
				DEEE6CB225D19E3B006EEB25 /* ContentView.swift */,
				DE5A28C525D4ACF900413C5A /* AddAssignmentView.swift */,
				DE5A28C025D4AB4700413C5A /* AssignmentList.swift */,
				DEEE6CB425D19E3F006EEB25 /* Assets.xcassets */,
				DEEE6CB925D19E3F006EEB25 /* Info.plist */,
				DEEE6CB625D19E3F006EEB25 /* Preview Content */,
			);
			path = "Assignment Notebook";
			sourceTree = "<group>";
		};
		DEEE6CB625D19E3F006EEB25 /* Preview Content */ = {
			isa = PBXGroup;
			children = (
				DEEE6CB725D19E3F006EEB25 /* Preview Assets.xcassets */,
			);
			path = "Preview Content";
			sourceTree = "<group>";
		};
		DEEE6CC125D19E3F006EEB25 /* Assignment NotebookTests */ = {
			isa = PBXGroup;
			children = (
				DEEE6CC225D19E3F006EEB25 /* Assignment_NotebookTests.swift */,
				DEEE6CC425D19E3F006EEB25 /* Info.plist */,
			);
			path = "Assignment NotebookTests";
			sourceTree = "<group>";
		};
		DEEE6CCC25D19E3F006EEB25 /* Assignment NotebookUITests */ = {
			isa = PBXGroup;
			children = (
				DEEE6CCD25D19E3F006EEB25 /* Assignment_NotebookUITests.swift */,
				DEEE6CCF25D19E3F006EEB25 /* Info.plist */,
			);
			path = "Assignment NotebookUITests";
			sourceTree = "<group>";
		};
/* End PBXGroup section */

/* Begin PBXNativeTarget section */
		DEEE6CAC25D19E3B006EEB25 /* Assignment Notebook */ = {
			isa = PBXNativeTarget;
			buildConfigurationList = DEEE6CD225D19E3F006EEB25 /* Build configuration list for PBXNativeTarget "Assignment Notebook" */;
			buildPhases = (
				DEEE6CA925D19E3B006EEB25 /* Sources */,
				DEEE6CAA25D19E3B006EEB25 /* Frameworks */,
				DEEE6CAB25D19E3B006EEB25 /* Resources */,
			);
			buildRules = (
			);
			dependencies = (
			);
			name = "Assignment Notebook";
			productName = "Assignment Notebook";
			productReference = DEEE6CAD25D19E3B006EEB25 /* Assignment Notebook.app */;
			productType = "com.apple.product-type.application";
		};
		DEEE6CBD25D19E3F006EEB25 /* Assignment NotebookTests */ = {
			isa = PBXNativeTarget;
			buildConfigurationList = DEEE6CD525D19E3F006EEB25 /* Build configuration list for PBXNativeTarget "Assignment NotebookTests" */;
			buildPhases = (
				DEEE6CBA25D19E3F006EEB25 /* Sources */,
				DEEE6CBB25D19E3F006EEB25 /* Frameworks */,
				DEEE6CBC25D19E3F006EEB25 /* Resources */,
			);
			buildRules = (
			);
			dependencies = (
				DEEE6CC025D19E3F006EEB25 /* PBXTargetDependency */,
			);
			name = "Assignment NotebookTests";
			productName = "Assignment NotebookTests";
			productReference = DEEE6CBE25D19E3F006EEB25 /* Assignment NotebookTests.xctest */;
			productType = "com.apple.product-type.bundle.unit-test";
		};
		DEEE6CC825D19E3F006EEB25 /* Assignment NotebookUITests */ = {
			isa = PBXNativeTarget;
			buildConfigurationList = DEEE6CD825D19E3F006EEB25 /* Build configuration list for PBXNativeTarget "Assignment NotebookUITests" */;
			buildPhases = (
				DEEE6CC525D19E3F006EEB25 /* Sources */,
				DEEE6CC625D19E3F006EEB25 /* Frameworks */,
				DEEE6CC725D19E3F006EEB25 /* Resources */,
			);
			buildRules = (
			);
			dependencies = (
				DEEE6CCB25D19E3F006EEB25 /* PBXTargetDependency */,
			);
			name = "Assignment NotebookUITests";
			productName = "Assignment NotebookUITests";
			productReference = DEEE6CC925D19E3F006EEB25 /* Assignment NotebookUITests.xctest */;
			productType = "com.apple.product-type.bundle.ui-testing";
		};
/* End PBXNativeTarget section */

/* Begin PBXProject section */
		DEEE6CA525D19E3B006EEB25 /* Project object */ = {
			isa = PBXProject;
			attributes = {
				LastSwiftUpdateCheck = 1230;
				LastUpgradeCheck = 1230;
				TargetAttributes = {
					DEEE6CAC25D19E3B006EEB25 = {
						CreatedOnToolsVersion = 12.3;
					};
					DEEE6CBD25D19E3F006EEB25 = {
						CreatedOnToolsVersion = 12.3;
						TestTargetID = DEEE6CAC25D19E3B006EEB25;
					};
					DEEE6CC825D19E3F006EEB25 = {
						CreatedOnToolsVersion = 12.3;
						TestTargetID = DEEE6CAC25D19E3B006EEB25;
					};
				};
			};
			buildConfigurationList = DEEE6CA825D19E3B006EEB25 /* Build configuration list for PBXProject "Assignment Notebook" */;
			compatibilityVersion = "Xcode 9.3";
			developmentRegion = en;
			hasScannedForEncodings = 0;
			knownRegions = (
				en,
				Base,
			);
			mainGroup = DEEE6CA425D19E3B006EEB25;
			productRefGroup = DEEE6CAE25D19E3B006EEB25 /* Products */;
			projectDirPath = "";
			projectRoot = "";
			targets = (
				DEEE6CAC25D19E3B006EEB25 /* Assignment Notebook */,
				DEEE6CBD25D19E3F006EEB25 /* Assignment NotebookTests */,
				DEEE6CC825D19E3F006EEB25 /* Assignment NotebookUITests */,
			);
		};
/* End PBXProject section */

/* Begin PBXResourcesBuildPhase section */
		DEEE6CAB25D19E3B006EEB25 /* Resources */ = {
			isa = PBXResourcesBuildPhase;
			buildActionMask = 2147483647;
			files = (
				DEEE6CB825D19E3F006EEB25 /* Preview Assets.xcassets in Resources */,
				DEEE6CB525D19E3F006EEB25 /* Assets.xcassets in Resources */,
			);
			runOnlyForDeploymentPostprocessing = 0;
		};
		DEEE6CBC25D19E3F006EEB25 /* Resources */ = {
			isa = PBXResourcesBuildPhase;
			buildActionMask = 2147483647;
			files = (
			);
			runOnlyForDeploymentPostprocessing = 0;
		};
		DEEE6CC725D19E3F006EEB25 /* Resources */ = {
			isa = PBXResourcesBuildPhase;
			buildActionMask = 2147483647;
			files = (
			);
			runOnlyForDeploymentPostprocessing = 0;
		};
/* End PBXResourcesBuildPhase section */

/* Begin PBXSourcesBuildPhase section */
		DEEE6CA925D19E3B006EEB25 /* Sources */ = {
			isa = PBXSourcesBuildPhase;
			buildActionMask = 2147483647;
			files = (
				DE5A28C125D4AB4700413C5A /* AssignmentList.swift in Sources */,
				DEEE6CB325D19E3B006EEB25 /* ContentView.swift in Sources */,
				DEEE6CB125D19E3B006EEB25 /* Assignment_NotebookApp.swift in Sources */,
				DE5A28C625D4ACF900413C5A /* AddAssignmentView.swift in Sources */,
			);
			runOnlyForDeploymentPostprocessing = 0;
		};
		DEEE6CBA25D19E3F006EEB25 /* Sources */ = {
			isa = PBXSourcesBuildPhase;
			buildActionMask = 2147483647;
			files = (
				DEEE6CC325D19E3F006EEB25 /* Assignment_NotebookTests.swift in Sources */,
			);
			runOnlyForDeploymentPostprocessing = 0;
		};
		DEEE6CC525D19E3F006EEB25 /* Sources */ = {
			isa = PBXSourcesBuildPhase;
			buildActionMask = 2147483647;
			files = (
				DEEE6CCE25D19E3F006EEB25 /* Assignment_NotebookUITests.swift in Sources */,
			);
			runOnlyForDeploymentPostprocessing = 0;
		};
/* End PBXSourcesBuildPhase section */

/* Begin PBXTargetDependency section */
		DEEE6CC025D19E3F006EEB25 /* PBXTargetDependency */ = {
			isa = PBXTargetDependency;
			target = DEEE6CAC25D19E3B006EEB25 /* Assignment Notebook */;
			targetProxy = DEEE6CBF25D19E3F006EEB25 /* PBXContainerItemProxy */;
		};
		DEEE6CCB25D19E3F006EEB25 /* PBXTargetDependency */ = {
			isa = PBXTargetDependency;
			target = DEEE6CAC25D19E3B006EEB25 /* Assignment Notebook */;
			targetProxy = DEEE6CCA25D19E3F006EEB25 /* PBXContainerItemProxy */;
		};
/* End PBXTargetDependency section */

/* Begin XCBuildConfiguration section */
		DEEE6CD025D19E3F006EEB25 /* Debug */ = {
			isa = XCBuildConfiguration;
			buildSettings = {
				ALWAYS_SEARCH_USER_PATHS = NO;
				CLANG_ANALYZER_NONNULL = YES;
				CLANG_ANALYZER_NUMBER_OBJECT_CONVERSION = YES_AGGRESSIVE;
				CLANG_CXX_LANGUAGE_STANDARD = "gnu++14";
				CLANG_CXX_LIBRARY = "libc++";
				CLANG_ENABLE_MODULES = YES;
				CLANG_ENABLE_OBJC_ARC = YES;
				CLANG_ENABLE_OBJC_WEAK = YES;
				CLANG_WARN_BLOCK_CAPTURE_AUTORELEASING = YES;
				CLANG_WARN_BOOL_CONVERSION = YES;
				CLANG_WARN_COMMA = YES;
				CLANG_WARN_CONSTANT_CONVERSION = YES;
				CLANG_WARN_DEPRECATED_OBJC_IMPLEMENTATIONS = YES;
				CLANG_WARN_DIRECT_OBJC_ISA_USAGE = YES_ERROR;
				CLANG_WARN_DOCUMENTATION_COMMENTS = YES;
				CLANG_WARN_EMPTY_BODY = YES;
				CLANG_WARN_ENUM_CONVERSION = YES;
				CLANG_WARN_INFINITE_RECURSION = YES;
				CLANG_WARN_INT_CONVERSION = YES;
				CLANG_WARN_NON_LITERAL_NULL_CONVERSION = YES;
				CLANG_WARN_OBJC_IMPLICIT_RETAIN_SELF = YES;
				CLANG_WARN_OBJC_LITERAL_CONVERSION = YES;
				CLANG_WARN_OBJC_ROOT_CLASS = YES_ERROR;
				CLANG_WARN_QUOTED_INCLUDE_IN_FRAMEWORK_HEADER = YES;
				CLANG_WARN_RANGE_LOOP_ANALYSIS = YES;
				CLANG_WARN_STRICT_PROTOTYPES = YES;
				CLANG_WARN_SUSPICIOUS_MOVE = YES;
				CLANG_WARN_UNGUARDED_AVAILABILITY = YES_AGGRESSIVE;
				CLANG_WARN_UNREACHABLE_CODE = YES;
				CLANG_WARN__DUPLICATE_METHOD_MATCH = YES;
				COPY_PHASE_STRIP = NO;
				DEBUG_INFORMATION_FORMAT = dwarf;
				ENABLE_STRICT_OBJC_MSGSEND = YES;
				ENABLE_TESTABILITY = YES;
				GCC_C_LANGUAGE_STANDARD = gnu11;
				GCC_DYNAMIC_NO_PIC = NO;
				GCC_NO_COMMON_BLOCKS = YES;
				GCC_OPTIMIZATION_LEVEL = 0;
				GCC_PREPROCESSOR_DEFINITIONS = (
					"DEBUG=1",
					"$(inherited)",
				);
				GCC_WARN_64_TO_32_BIT_CONVERSION = YES;
				GCC_WARN_ABOUT_RETURN_TYPE = YES_ERROR;
				GCC_WARN_UNDECLARED_SELECTOR = YES;
				GCC_WARN_UNINITIALIZED_AUTOS = YES_AGGRESSIVE;
				GCC_WARN_UNUSED_FUNCTION = YES;
				GCC_WARN_UNUSED_VARIABLE = YES;
				IPHONEOS_DEPLOYMENT_TARGET = 14.3;
				MTL_ENABLE_DEBUG_INFO = INCLUDE_SOURCE;
				MTL_FAST_MATH = YES;
				ONLY_ACTIVE_ARCH = YES;
				SDKROOT = iphoneos;
				SWIFT_ACTIVE_COMPILATION_CONDITIONS = DEBUG;
				SWIFT_OPTIMIZATION_LEVEL = "-Onone";
			};
			name = Debug;
		};
		DEEE6CD125D19E3F006EEB25 /* Release */ = {
			isa = XCBuildConfiguration;
			buildSettings = {
				ALWAYS_SEARCH_USER_PATHS = NO;
				CLANG_ANALYZER_NONNULL = YES;
				CLANG_ANALYZER_NUMBER_OBJECT_CONVERSION = YES_AGGRESSIVE;
				CLANG_CXX_LANGUAGE_STANDARD = "gnu++14";
				CLANG_CXX_LIBRARY = "libc++";
				CLANG_ENABLE_MODULES = YES;
				CLANG_ENABLE_OBJC_ARC = YES;
				CLANG_ENABLE_OBJC_WEAK = YES;
				CLANG_WARN_BLOCK_CAPTURE_AUTORELEASING = YES;
				CLANG_WARN_BOOL_CONVERSION = YES;
				CLANG_WARN_COMMA = YES;
				CLANG_WARN_CONSTANT_CONVERSION = YES;
				CLANG_WARN_DEPRECATED_OBJC_IMPLEMENTATIONS = YES;
				CLANG_WARN_DIRECT_OBJC_ISA_USAGE = YES_ERROR;
				CLANG_WARN_DOCUMENTATION_COMMENTS = YES;
				CLANG_WARN_EMPTY_BODY = YES;
				CLANG_WARN_ENUM_CONVERSION = YES;
				CLANG_WARN_INFINITE_RECURSION = YES;
				CLANG_WARN_INT_CONVERSION = YES;
				CLANG_WARN_NON_LITERAL_NULL_CONVERSION = YES;
				CLANG_WARN_OBJC_IMPLICIT_RETAIN_SELF = YES;
				CLANG_WARN_OBJC_LITERAL_CONVERSION = YES;
				CLANG_WARN_OBJC_ROOT_CLASS = YES_ERROR;
				CLANG_WARN_QUOTED_INCLUDE_IN_FRAMEWORK_HEADER = YES;
				CLANG_WARN_RANGE_LOOP_ANALYSIS = YES;
				CLANG_WARN_STRICT_PROTOTYPES = YES;
				CLANG_WARN_SUSPICIOUS_MOVE = YES;
				CLANG_WARN_UNGUARDED_AVAILABILITY = YES_AGGRESSIVE;
				CLANG_WARN_UNREACHABLE_CODE = YES;
				CLANG_WARN__DUPLICATE_METHOD_MATCH = YES;
				COPY_PHASE_STRIP = NO;
				DEBUG_INFORMATION_FORMAT = "dwarf-with-dsym";
				ENABLE_NS_ASSERTIONS = NO;
				ENABLE_STRICT_OBJC_MSGSEND = YES;
				GCC_C_LANGUAGE_STANDARD = gnu11;
				GCC_NO_COMMON_BLOCKS = YES;
				GCC_WARN_64_TO_32_BIT_CONVERSION = YES;
				GCC_WARN_ABOUT_RETURN_TYPE = YES_ERROR;
				GCC_WARN_UNDECLARED_SELECTOR = YES;
				GCC_WARN_UNINITIALIZED_AUTOS = YES_AGGRESSIVE;
				GCC_WARN_UNUSED_FUNCTION = YES;
				GCC_WARN_UNUSED_VARIABLE = YES;
				IPHONEOS_DEPLOYMENT_TARGET = 14.3;
				MTL_ENABLE_DEBUG_INFO = NO;
				MTL_FAST_MATH = YES;
				SDKROOT = iphoneos;
				SWIFT_COMPILATION_MODE = wholemodule;
				SWIFT_OPTIMIZATION_LEVEL = "-O";
				VALIDATE_PRODUCT = YES;
			};
			name = Release;
		};
		DEEE6CD325D19E3F006EEB25 /* Debug */ = {
			isa = XCBuildConfiguration;
			buildSettings = {
				ASSETCATALOG_COMPILER_APPICON_NAME = AppIcon;
				ASSETCATALOG_COMPILER_GLOBAL_ACCENT_COLOR_NAME = AccentColor;
				CODE_SIGN_STYLE = Automatic;
				DEVELOPMENT_ASSET_PATHS = "\"Assignment Notebook/Preview Content\"";
				DEVELOPMENT_TEAM = 52P2FWR6XL;
				ENABLE_PREVIEWS = YES;
				INFOPLIST_FILE = "Assignment Notebook/Info.plist";
				IPHONEOS_DEPLOYMENT_TARGET = 14.0;
				LD_RUNPATH_SEARCH_PATHS = (
					"$(inherited)",
					"@executable_path/Frameworks",
				);
				PRODUCT_BUNDLE_IDENTIFIER = "Ddarlington.Assignment-Notebook";
				PRODUCT_NAME = "$(TARGET_NAME)";
				SWIFT_VERSION = 5.0;
				TARGETED_DEVICE_FAMILY = "1,2";
			};
			name = Debug;
		};
		DEEE6CD425D19E3F006EEB25 /* Release */ = {
			isa = XCBuildConfiguration;
			buildSettings = {
				ASSETCATALOG_COMPILER_APPICON_NAME = AppIcon;
				ASSETCATALOG_COMPILER_GLOBAL_ACCENT_COLOR_NAME = AccentColor;
				CODE_SIGN_STYLE = Automatic;
				DEVELOPMENT_ASSET_PATHS = "\"Assignment Notebook/Preview Content\"";
				DEVELOPMENT_TEAM = 52P2FWR6XL;
				ENABLE_PREVIEWS = YES;
				INFOPLIST_FILE = "Assignment Notebook/Info.plist";
				IPHONEOS_DEPLOYMENT_TARGET = 14.0;
				LD_RUNPATH_SEARCH_PATHS = (
					"$(inherited)",
					"@executable_path/Frameworks",
				);
				PRODUCT_BUNDLE_IDENTIFIER = "Ddarlington.Assignment-Notebook";
				PRODUCT_NAME = "$(TARGET_NAME)";
				SWIFT_VERSION = 5.0;
				TARGETED_DEVICE_FAMILY = "1,2";
			};
			name = Release;
		};
		DEEE6CD625D19E3F006EEB25 /* Debug */ = {
			isa = XCBuildConfiguration;
			buildSettings = {
				ALWAYS_EMBED_SWIFT_STANDARD_LIBRARIES = YES;
				BUNDLE_LOADER = "$(TEST_HOST)";
				CODE_SIGN_STYLE = Automatic;
				DEVELOPMENT_TEAM = 52P2FWR6XL;
				INFOPLIST_FILE = "Assignment NotebookTests/Info.plist";
				IPHONEOS_DEPLOYMENT_TARGET = 14.0;
				LD_RUNPATH_SEARCH_PATHS = (
					"$(inherited)",
					"@executable_path/Frameworks",
					"@loader_path/Frameworks",
				);
				PRODUCT_BUNDLE_IDENTIFIER = "Ddarlington.Assignment-NotebookTests";
				PRODUCT_NAME = "$(TARGET_NAME)";
				SWIFT_VERSION = 5.0;
				TARGETED_DEVICE_FAMILY = "1,2";
				TEST_HOST = "$(BUILT_PRODUCTS_DIR)/Assignment Notebook.app/Assignment Notebook";
			};
			name = Debug;
		};
		DEEE6CD725D19E3F006EEB25 /* Release */ = {
			isa = XCBuildConfiguration;
			buildSettings = {
				ALWAYS_EMBED_SWIFT_STANDARD_LIBRARIES = YES;
				BUNDLE_LOADER = "$(TEST_HOST)";
				CODE_SIGN_STYLE = Automatic;
				DEVELOPMENT_TEAM = 52P2FWR6XL;
				INFOPLIST_FILE = "Assignment NotebookTests/Info.plist";
				IPHONEOS_DEPLOYMENT_TARGET = 14.0;
				LD_RUNPATH_SEARCH_PATHS = (
					"$(inherited)",
					"@executable_path/Frameworks",
					"@loader_path/Frameworks",
				);
				PRODUCT_BUNDLE_IDENTIFIER = "Ddarlington.Assignment-NotebookTests";
				PRODUCT_NAME = "$(TARGET_NAME)";
				SWIFT_VERSION = 5.0;
				TARGETED_DEVICE_FAMILY = "1,2";
				TEST_HOST = "$(BUILT_PRODUCTS_DIR)/Assignment Notebook.app/Assignment Notebook";
			};
			name = Release;
		};
		DEEE6CD925D19E3F006EEB25 /* Debug */ = {
			isa = XCBuildConfiguration;
			buildSettings = {
				ALWAYS_EMBED_SWIFT_STANDARD_LIBRARIES = YES;
				CODE_SIGN_STYLE = Automatic;
				DEVELOPMENT_TEAM = 52P2FWR6XL;
				INFOPLIST_FILE = "Assignment NotebookUITests/Info.plist";
				LD_RUNPATH_SEARCH_PATHS = (
					"$(inherited)",
					"@executable_path/Frameworks",
					"@loader_path/Frameworks",
				);
				PRODUCT_BUNDLE_IDENTIFIER = "Ddarlington.Assignment-NotebookUITests";
				PRODUCT_NAME = "$(TARGET_NAME)";
				SWIFT_VERSION = 5.0;
				TARGETED_DEVICE_FAMILY = "1,2";
				TEST_TARGET_NAME = "Assignment Notebook";
			};
			name = Debug;
		};
		DEEE6CDA25D19E3F006EEB25 /* Release */ = {
			isa = XCBuildConfiguration;
			buildSettings = {
				ALWAYS_EMBED_SWIFT_STANDARD_LIBRARIES = YES;
				CODE_SIGN_STYLE = Automatic;
				DEVELOPMENT_TEAM = 52P2FWR6XL;
				INFOPLIST_FILE = "Assignment NotebookUITests/Info.plist";
				LD_RUNPATH_SEARCH_PATHS = (
					"$(inherited)",
					"@executable_path/Frameworks",
					"@loader_path/Frameworks",
				);
				PRODUCT_BUNDLE_IDENTIFIER = "Ddarlington.Assignment-NotebookUITests";
				PRODUCT_NAME = "$(TARGET_NAME)";
				SWIFT_VERSION = 5.0;
				TARGETED_DEVICE_FAMILY = "1,2";
				TEST_TARGET_NAME = "Assignment Notebook";
			};
			name = Release;
		};
/* End XCBuildConfiguration section */

/* Begin XCConfigurationList section */
		DEEE6CA825D19E3B006EEB25 /* Build configuration list for PBXProject "Assignment Notebook" */ = {
			isa = XCConfigurationList;
			buildConfigurations = (
				DEEE6CD025D19E3F006EEB25 /* Debug */,
				DEEE6CD125D19E3F006EEB25 /* Release */,
			);
			defaultConfigurationIsVisible = 0;
			defaultConfigurationName = Release;
		};
		DEEE6CD225D19E3F006EEB25 /* Build configuration list for PBXNativeTarget "Assignment Notebook" */ = {
			isa = XCConfigurationList;
			buildConfigurations = (
				DEEE6CD325D19E3F006EEB25 /* Debug */,
				DEEE6CD425D19E3F006EEB25 /* Release */,
			);
			defaultConfigurationIsVisible = 0;
			defaultConfigurationName = Release;
		};
		DEEE6CD525D19E3F006EEB25 /* Build configuration list for PBXNativeTarget "Assignment NotebookTests" */ = {
			isa = XCConfigurationList;
			buildConfigurations = (
				DEEE6CD625D19E3F006EEB25 /* Debug */,
				DEEE6CD725D19E3F006EEB25 /* Release */,
			);
			defaultConfigurationIsVisible = 0;
			defaultConfigurationName = Release;
		};
		DEEE6CD825D19E3F006EEB25 /* Build configuration list for PBXNativeTarget "Assignment NotebookUITests" */ = {
			isa = XCConfigurationList;
			buildConfigurations = (
				DEEE6CD925D19E3F006EEB25 /* Debug */,
				DEEE6CDA25D19E3F006EEB25 /* Release */,
			);
			defaultConfigurationIsVisible = 0;
			defaultConfigurationName = Release;
		};
/* End XCConfigurationList section */
	};
	rootObject = DEEE6CA525D19E3B006EEB25 /* Project object */;
}
